// !$*UTF8*$!
{
	archiveVersion = 1;
	classes = {
	};
	objectVersion = 56;
	objects = {

/* Begin PBXBuildFile section */
		FE45DAFC2C0A32C200A1B08C /* FavoritesView.swift in Sources */ = {isa = PBXBuildFile; fileRef = FE45DAFB2C0A32C200A1B08C /* FavoritesView.swift */; };
		FEB2355C2C09FD4D001BE1AC /* RickAndMortyApp.swift in Sources */ = {isa = PBXBuildFile; fileRef = FEB2355B2C09FD4D001BE1AC /* RickAndMortyApp.swift */; };
		FEB2355E2C09FD4D001BE1AC /* ContentView.swift in Sources */ = {isa = PBXBuildFile; fileRef = FEB2355D2C09FD4D001BE1AC /* ContentView.swift */; };
		FEB235602C09FD4F001BE1AC /* Assets.xcassets in Resources */ = {isa = PBXBuildFile; fileRef = FEB2355F2C09FD4F001BE1AC /* Assets.xcassets */; };
		FEB235632C09FD4F001BE1AC /* Preview Assets.xcassets in Resources */ = {isa = PBXBuildFile; fileRef = FEB235622C09FD4F001BE1AC /* Preview Assets.xcassets */; };
		FEB2356C2C09FDA5001BE1AC /* SearchBar.swift in Sources */ = {isa = PBXBuildFile; fileRef = FEB2356B2C09FDA5001BE1AC /* SearchBar.swift */; };
		FEB2356E2C09FDD9001BE1AC /* Character.swift in Sources */ = {isa = PBXBuildFile; fileRef = FEB2356D2C09FDD9001BE1AC /* Character.swift */; };
		FEB235702C09FDF4001BE1AC /* DetailView.swift in Sources */ = {isa = PBXBuildFile; fileRef = FEB2356F2C09FDF4001BE1AC /* DetailView.swift */; };
		FEB235722C09FE0F001BE1AC /* Service.swift in Sources */ = {isa = PBXBuildFile; fileRef = FEB235712C09FE0F001BE1AC /* Service.swift */; };
		FEB235772C0A0326001BE1AC /* RickAndMortyModel.xcdatamodeld in Sources */ = {isa = PBXBuildFile; fileRef = FEB235752C0A0326001BE1AC /* RickAndMortyModel.xcdatamodeld */; };
		FEB235792C0A0910001BE1AC /* PersistenceController.swift in Sources */ = {isa = PBXBuildFile; fileRef = FEB235782C0A0910001BE1AC /* PersistenceController.swift */; };
/* End PBXBuildFile section */

/* Begin PBXFileReference section */
		FE45DAFB2C0A32C200A1B08C /* FavoritesView.swift */ = {isa = PBXFileReference; lastKnownFileType = sourcecode.swift; path = FavoritesView.swift; sourceTree = "<group>"; };
		FEB235582C09FD4D001BE1AC /* RickAndMorty.app */ = {isa = PBXFileReference; explicitFileType = wrapper.application; includeInIndex = 0; path = RickAndMorty.app; sourceTree = BUILT_PRODUCTS_DIR; };
		FEB2355B2C09FD4D001BE1AC /* RickAndMortyApp.swift */ = {isa = PBXFileReference; lastKnownFileType = sourcecode.swift; path = RickAndMortyApp.swift; sourceTree = "<group>"; };
		FEB2355D2C09FD4D001BE1AC /* ContentView.swift */ = {isa = PBXFileReference; lastKnownFileType = sourcecode.swift; path = ContentView.swift; sourceTree = "<group>"; };
		FEB2355F2C09FD4F001BE1AC /* Assets.xcassets */ = {isa = PBXFileReference; lastKnownFileType = folder.assetcatalog; path = Assets.xcassets; sourceTree = "<group>"; };
		FEB235622C09FD4F001BE1AC /* Preview Assets.xcassets */ = {isa = PBXFileReference; lastKnownFileType = folder.assetcatalog; path = "Preview Assets.xcassets"; sourceTree = "<group>"; };
		FEB2356B2C09FDA5001BE1AC /* SearchBar.swift */ = {isa = PBXFileReference; lastKnownFileType = sourcecode.swift; path = SearchBar.swift; sourceTree = "<group>"; };
		FEB2356D2C09FDD9001BE1AC /* Character.swift */ = {isa = PBXFileReference; lastKnownFileType = sourcecode.swift; path = Character.swift; sourceTree = "<group>"; };
		FEB2356F2C09FDF4001BE1AC /* DetailView.swift */ = {isa = PBXFileReference; lastKnownFileType = sourcecode.swift; path = DetailView.swift; sourceTree = "<group>"; };
		FEB235712C09FE0F001BE1AC /* Service.swift */ = {isa = PBXFileReference; lastKnownFileType = sourcecode.swift; path = Service.swift; sourceTree = "<group>"; };
		FEB235762C0A0326001BE1AC /* RickAndMortyModel.xcdatamodel */ = {isa = PBXFileReference; lastKnownFileType = wrapper.xcdatamodel; path = RickAndMortyModel.xcdatamodel; sourceTree = "<group>"; };
		FEB235782C0A0910001BE1AC /* PersistenceController.swift */ = {isa = PBXFileReference; lastKnownFileType = sourcecode.swift; path = PersistenceController.swift; sourceTree = "<group>"; };
/* End PBXFileReference section */

/* Begin PBXFrameworksBuildPhase section */
		FEB235552C09FD4D001BE1AC /* Frameworks */ = {
			isa = PBXFrameworksBuildPhase;
			buildActionMask = 2147483647;
			files = (
			);
			runOnlyForDeploymentPostprocessing = 0;
		};
/* End PBXFrameworksBuildPhase section */

/* Begin PBXGroup section */
		FEB2354F2C09FD4D001BE1AC = {
			isa = PBXGroup;
			children = (
				FEB235752C0A0326001BE1AC /* RickAndMortyModel.xcdatamodeld */,
				FEB2355A2C09FD4D001BE1AC /* RickAndMorty */,
				FEB235592C09FD4D001BE1AC /* Products */,
			);
			sourceTree = "<group>";
		};
		FEB235592C09FD4D001BE1AC /* Products */ = {
			isa = PBXGroup;
			children = (
				FEB235582C09FD4D001BE1AC /* RickAndMorty.app */,
			);
			name = Products;
			sourceTree = "<group>";
		};
		FEB2355A2C09FD4D001BE1AC /* RickAndMorty */ = {
			isa = PBXGroup;
			children = (
				FEB235692C09FD89001BE1AC /* Base */,
				FEB2355B2C09FD4D001BE1AC /* RickAndMortyApp.swift */,
				FEB2355D2C09FD4D001BE1AC /* ContentView.swift */,
				FEB2355F2C09FD4F001BE1AC /* Assets.xcassets */,
				FEB235612C09FD4F001BE1AC /* Preview Content */,
				FEB2356D2C09FDD9001BE1AC /* Character.swift */,
				FEB2356F2C09FDF4001BE1AC /* DetailView.swift */,
				FEB235712C09FE0F001BE1AC /* Service.swift */,
				FEB235782C0A0910001BE1AC /* PersistenceController.swift */,
				FE45DAFB2C0A32C200A1B08C /* FavoritesView.swift */,
			);
			path = RickAndMorty;
			sourceTree = "<group>";
		};
		FEB235612C09FD4F001BE1AC /* Preview Content */ = {
			isa = PBXGroup;
			children = (
				FEB235622C09FD4F001BE1AC /* Preview Assets.xcassets */,
			);
			path = "Preview Content";
			sourceTree = "<group>";
		};
		FEB235692C09FD89001BE1AC /* Base */ = {
			isa = PBXGroup;
			children = (
				FEB2356A2C09FD90001BE1AC /* View */,
			);
			path = Base;
			sourceTree = "<group>";
		};
		FEB2356A2C09FD90001BE1AC /* View */ = {
			isa = PBXGroup;
			children = (
				FEB2356B2C09FDA5001BE1AC /* SearchBar.swift */,
			);
			path = View;
			sourceTree = "<group>";
		};
/* End PBXGroup section */

/* Begin PBXNativeTarget section */
		FEB235572C09FD4D001BE1AC /* RickAndMorty */ = {
			isa = PBXNativeTarget;
			buildConfigurationList = FEB235662C09FD4F001BE1AC /* Build configuration list for PBXNativeTarget "RickAndMorty" */;
			buildPhases = (
				FEB235542C09FD4D001BE1AC /* Sources */,
				FEB235552C09FD4D001BE1AC /* Frameworks */,
				FEB235562C09FD4D001BE1AC /* Resources */,
			);
			buildRules = (
			);
			dependencies = (
			);
			name = RickAndMorty;
			productName = RickAndMorty;
			productReference = FEB235582C09FD4D001BE1AC /* RickAndMorty.app */;
			productType = "com.apple.product-type.application";
		};
/* End PBXNativeTarget section */

/* Begin PBXProject section */
		FEB235502C09FD4D001BE1AC /* Project object */ = {
			isa = PBXProject;
			attributes = {
				BuildIndependentTargetsInParallel = 1;
				LastSwiftUpdateCheck = 1520;
				LastUpgradeCheck = 1520;
				TargetAttributes = {
					FEB235572C09FD4D001BE1AC = {
						CreatedOnToolsVersion = 15.2;
					};
				};
			};
			buildConfigurationList = FEB235532C09FD4D001BE1AC /* Build configuration list for PBXProject "RickAndMorty" */;
			compatibilityVersion = "Xcode 14.0";
			developmentRegion = en;
			hasScannedForEncodings = 0;
			knownRegions = (
				en,
				Base,
			);
			mainGroup = FEB2354F2C09FD4D001BE1AC;
			productRefGroup = FEB235592C09FD4D001BE1AC /* Products */;
			projectDirPath = "";
			projectRoot = "";
			targets = (
				FEB235572C09FD4D001BE1AC /* RickAndMorty */,
			);
		};
/* End PBXProject section */

/* Begin PBXResourcesBuildPhase section */
		FEB235562C09FD4D001BE1AC /* Resources */ = {
			isa = PBXResourcesBuildPhase;
			buildActionMask = 2147483647;
			files = (
				FEB235632C09FD4F001BE1AC /* Preview Assets.xcassets in Resources */,
				FEB235602C09FD4F001BE1AC /* Assets.xcassets in Resources */,
			);
			runOnlyForDeploymentPostprocessing = 0;
		};
/* End PBXResourcesBuildPhase section */

/* Begin PBXSourcesBuildPhase section */
		FEB235542C09FD4D001BE1AC /* Sources */ = {
			isa = PBXSourcesBuildPhase;
			buildActionMask = 2147483647;
			files = (
				FEB235792C0A0910001BE1AC /* PersistenceController.swift in Sources */,
				FEB2355E2C09FD4D001BE1AC /* ContentView.swift in Sources */,
				FEB2355C2C09FD4D001BE1AC /* RickAndMortyApp.swift in Sources */,
				FEB2356C2C09FDA5001BE1AC /* SearchBar.swift in Sources */,
				FEB235702C09FDF4001BE1AC /* DetailView.swift in Sources */,
				FEB2356E2C09FDD9001BE1AC /* Character.swift in Sources */,
				FEB235772C0A0326001BE1AC /* RickAndMortyModel.xcdatamodeld in Sources */,
				FEB235722C09FE0F001BE1AC /* Service.swift in Sources */,
				FE45DAFC2C0A32C200A1B08C /* FavoritesView.swift in Sources */,
			);
			runOnlyForDeploymentPostprocessing = 0;
		};
/* End PBXSourcesBuildPhase section */

/* Begin XCBuildConfiguration section */
		FEB235642C09FD4F001BE1AC /* Debug */ = {
			isa = XCBuildConfiguration;
			buildSettings = {
				ALWAYS_SEARCH_USER_PATHS = NO;
				ASSETCATALOG_COMPILER_GENERATE_SWIFT_ASSET_SYMBOL_EXTENSIONS = YES;
				CLANG_ANALYZER_NONNULL = YES;
				CLANG_ANALYZER_NUMBER_OBJECT_CONVERSION = YES_AGGRESSIVE;
				CLANG_CXX_LANGUAGE_STANDARD = "gnu++20";
				CLANG_ENABLE_MODULES = YES;
				CLANG_ENABLE_OBJC_ARC = YES;
				CLANG_ENABLE_OBJC_WEAK = YES;
				CLANG_WARN_BLOCK_CAPTURE_AUTORELEASING = YES;
				CLANG_WARN_BOOL_CONVERSION = YES;
				CLANG_WARN_COMMA = YES;
				CLANG_WARN_CONSTANT_CONVERSION = YES;
				CLANG_WARN_DEPRECATED_OBJC_IMPLEMENTATIONS = YES;
				CLANG_WARN_DIRECT_OBJC_ISA_USAGE = YES_ERROR;
				CLANG_WARN_DOCUMENTATION_COMMENTS = YES;
				CLANG_WARN_EMPTY_BODY = YES;
				CLANG_WARN_ENUM_CONVERSION = YES;
				CLANG_WARN_INFINITE_RECURSION = YES;
				CLANG_WARN_INT_CONVERSION = YES;
				CLANG_WARN_NON_LITERAL_NULL_CONVERSION = YES;
				CLANG_WARN_OBJC_IMPLICIT_RETAIN_SELF = YES;
				CLANG_WARN_OBJC_LITERAL_CONVERSION = YES;
				CLANG_WARN_OBJC_ROOT_CLASS = YES_ERROR;
				CLANG_WARN_QUOTED_INCLUDE_IN_FRAMEWORK_HEADER = YES;
				CLANG_WARN_RANGE_LOOP_ANALYSIS = YES;
				CLANG_WARN_STRICT_PROTOTYPES = YES;
				CLANG_WARN_SUSPICIOUS_MOVE = YES;
				CLANG_WARN_UNGUARDED_AVAILABILITY = YES_AGGRESSIVE;
				CLANG_WARN_UNREACHABLE_CODE = YES;
				CLANG_WARN__DUPLICATE_METHOD_MATCH = YES;
				COPY_PHASE_STRIP = NO;
				DEBUG_INFORMATION_FORMAT = dwarf;
				ENABLE_STRICT_OBJC_MSGSEND = YES;
				ENABLE_TESTABILITY = YES;
				ENABLE_USER_SCRIPT_SANDBOXING = YES;
				GCC_C_LANGUAGE_STANDARD = gnu17;
				GCC_DYNAMIC_NO_PIC = NO;
				GCC_NO_COMMON_BLOCKS = YES;
				GCC_OPTIMIZATION_LEVEL = 0;
				GCC_PREPROCESSOR_DEFINITIONS = (
					"DEBUG=1",
					"$(inherited)",
				);
				GCC_WARN_64_TO_32_BIT_CONVERSION = YES;
				GCC_WARN_ABOUT_RETURN_TYPE = YES_ERROR;
				GCC_WARN_UNDECLARED_SELECTOR = YES;
				GCC_WARN_UNINITIALIZED_AUTOS = YES_AGGRESSIVE;
				GCC_WARN_UNUSED_FUNCTION = YES;
				GCC_WARN_UNUSED_VARIABLE = YES;
				IPHONEOS_DEPLOYMENT_TARGET = 17.2;
				LOCALIZATION_PREFERS_STRING_CATALOGS = YES;
				MTL_ENABLE_DEBUG_INFO = INCLUDE_SOURCE;
				MTL_FAST_MATH = YES;
				ONLY_ACTIVE_ARCH = YES;
				SDKROOT = iphoneos;
				SWIFT_ACTIVE_COMPILATION_CONDITIONS = "DEBUG $(inherited)";
				SWIFT_OPTIMIZATION_LEVEL = "-Onone";
			};
			name = Debug;
		};
		FEB235652C09FD4F001BE1AC /* Release */ = {
			isa = XCBuildConfiguration;
			buildSettings = {
				ALWAYS_SEARCH_USER_PATHS = NO;
				ASSETCATALOG_COMPILER_GENERATE_SWIFT_ASSET_SYMBOL_EXTENSIONS = YES;
				CLANG_ANALYZER_NONNULL = YES;
				CLANG_ANALYZER_NUMBER_OBJECT_CONVERSION = YES_AGGRESSIVE;
				CLANG_CXX_LANGUAGE_STANDARD = "gnu++20";
				CLANG_ENABLE_MODULES = YES;
				CLANG_ENABLE_OBJC_ARC = YES;
				CLANG_ENABLE_OBJC_WEAK = YES;
				CLANG_WARN_BLOCK_CAPTURE_AUTORELEASING = YES;
				CLANG_WARN_BOOL_CONVERSION = YES;
				CLANG_WARN_COMMA = YES;
				CLANG_WARN_CONSTANT_CONVERSION = YES;
				CLANG_WARN_DEPRECATED_OBJC_IMPLEMENTATIONS = YES;
				CLANG_WARN_DIRECT_OBJC_ISA_USAGE = YES_ERROR;
				CLANG_WARN_DOCUMENTATION_COMMENTS = YES;
				CLANG_WARN_EMPTY_BODY = YES;
				CLANG_WARN_ENUM_CONVERSION = YES;
				CLANG_WARN_INFINITE_RECURSION = YES;
				CLANG_WARN_INT_CONVERSION = YES;
				CLANG_WARN_NON_LITERAL_NULL_CONVERSION = YES;
				CLANG_WARN_OBJC_IMPLICIT_RETAIN_SELF = YES;
				CLANG_WARN_OBJC_LITERAL_CONVERSION = YES;
				CLANG_WARN_OBJC_ROOT_CLASS = YES_ERROR;
				CLANG_WARN_QUOTED_INCLUDE_IN_FRAMEWORK_HEADER = YES;
				CLANG_WARN_RANGE_LOOP_ANALYSIS = YES;
				CLANG_WARN_STRICT_PROTOTYPES = YES;
				CLANG_WARN_SUSPICIOUS_MOVE = YES;
				CLANG_WARN_UNGUARDED_AVAILABILITY = YES_AGGRESSIVE;
				CLANG_WARN_UNREACHABLE_CODE = YES;
				CLANG_WARN__DUPLICATE_METHOD_MATCH = YES;
				COPY_PHASE_STRIP = NO;
				DEBUG_INFORMATION_FORMAT = "dwarf-with-dsym";
				ENABLE_NS_ASSERTIONS = NO;
				ENABLE_STRICT_OBJC_MSGSEND = YES;
				ENABLE_USER_SCRIPT_SANDBOXING = YES;
				GCC_C_LANGUAGE_STANDARD = gnu17;
				GCC_NO_COMMON_BLOCKS = YES;
				GCC_WARN_64_TO_32_BIT_CONVERSION = YES;
				GCC_WARN_ABOUT_RETURN_TYPE = YES_ERROR;
				GCC_WARN_UNDECLARED_SELECTOR = YES;
				GCC_WARN_UNINITIALIZED_AUTOS = YES_AGGRESSIVE;
				GCC_WARN_UNUSED_FUNCTION = YES;
				GCC_WARN_UNUSED_VARIABLE = YES;
				IPHONEOS_DEPLOYMENT_TARGET = 17.2;
				LOCALIZATION_PREFERS_STRING_CATALOGS = YES;
				MTL_ENABLE_DEBUG_INFO = NO;
				MTL_FAST_MATH = YES;
				SDKROOT = iphoneos;
				SWIFT_COMPILATION_MODE = wholemodule;
				VALIDATE_PRODUCT = YES;
			};
			name = Release;
		};
		FEB235672C09FD4F001BE1AC /* Debug */ = {
			isa = XCBuildConfiguration;
			buildSettings = {
				ASSETCATALOG_COMPILER_APPICON_NAME = AppIcon;
				ASSETCATALOG_COMPILER_GLOBAL_ACCENT_COLOR_NAME = AccentColor;
				CODE_SIGN_STYLE = Automatic;
				CURRENT_PROJECT_VERSION = 1;
				DEVELOPMENT_ASSET_PATHS = "\"RickAndMorty/Preview Content\"";
				DEVELOPMENT_TEAM = YCQ4KH7F3F;
				ENABLE_PREVIEWS = YES;
				GENERATE_INFOPLIST_FILE = YES;
				INFOPLIST_KEY_UIApplicationSceneManifest_Generation = YES;
				INFOPLIST_KEY_UIApplicationSupportsIndirectInputEvents = YES;
				INFOPLIST_KEY_UILaunchScreen_Generation = YES;
				INFOPLIST_KEY_UISupportedInterfaceOrientations_iPad = "UIInterfaceOrientationPortrait UIInterfaceOrientationPortraitUpsideDown UIInterfaceOrientationLandscapeLeft UIInterfaceOrientationLandscapeRight";
				INFOPLIST_KEY_UISupportedInterfaceOrientations_iPhone = "UIInterfaceOrientationPortrait UIInterfaceOrientationLandscapeLeft UIInterfaceOrientationLandscapeRight";
				LD_RUNPATH_SEARCH_PATHS = (
					"$(inherited)",
					"@executable_path/Frameworks",
				);
				MARKETING_VERSION = 1.0;
				PRODUCT_BUNDLE_IDENTIFIER = com.eminecetinkaya.RickAndMorty;
				PRODUCT_NAME = "$(TARGET_NAME)";
				SWIFT_EMIT_LOC_STRINGS = YES;
				SWIFT_VERSION = 5.0;
				TARGETED_DEVICE_FAMILY = "1,2";
			};
			name = Debug;
		};
		FEB235682C09FD4F001BE1AC /* Release */ = {
			isa = XCBuildConfiguration;
			buildSettings = {
				ASSETCATALOG_COMPILER_APPICON_NAME = AppIcon;
				ASSETCATALOG_COMPILER_GLOBAL_ACCENT_COLOR_NAME = AccentColor;
				CODE_SIGN_STYLE = Automatic;
				CURRENT_PROJECT_VERSION = 1;
				DEVELOPMENT_ASSET_PATHS = "\"RickAndMorty/Preview Content\"";
				DEVELOPMENT_TEAM = YCQ4KH7F3F;
				ENABLE_PREVIEWS = YES;
				GENERATE_INFOPLIST_FILE = YES;
				INFOPLIST_KEY_UIApplicationSceneManifest_Generation = YES;
				INFOPLIST_KEY_UIApplicationSupportsIndirectInputEvents = YES;
				INFOPLIST_KEY_UILaunchScreen_Generation = YES;
				INFOPLIST_KEY_UISupportedInterfaceOrientations_iPad = "UIInterfaceOrientationPortrait UIInterfaceOrientationPortraitUpsideDown UIInterfaceOrientationLandscapeLeft UIInterfaceOrientationLandscapeRight";
				INFOPLIST_KEY_UISupportedInterfaceOrientations_iPhone = "UIInterfaceOrientationPortrait UIInterfaceOrientationLandscapeLeft UIInterfaceOrientationLandscapeRight";
				LD_RUNPATH_SEARCH_PATHS = (
					"$(inherited)",
					"@executable_path/Frameworks",
				);
				MARKETING_VERSION = 1.0;
				PRODUCT_BUNDLE_IDENTIFIER = com.eminecetinkaya.RickAndMorty;
				PRODUCT_NAME = "$(TARGET_NAME)";
				SWIFT_EMIT_LOC_STRINGS = YES;
				SWIFT_VERSION = 5.0;
				TARGETED_DEVICE_FAMILY = "1,2";
			};
			name = Release;
		};
/* End XCBuildConfiguration section */

/* Begin XCConfigurationList section */
		FEB235532C09FD4D001BE1AC /* Build configuration list for PBXProject "RickAndMorty" */ = {
			isa = XCConfigurationList;
			buildConfigurations = (
				FEB235642C09FD4F001BE1AC /* Debug */,
				FEB235652C09FD4F001BE1AC /* Release */,
			);
			defaultConfigurationIsVisible = 0;
			defaultConfigurationName = Release;
		};
		FEB235662C09FD4F001BE1AC /* Build configuration list for PBXNativeTarget "RickAndMorty" */ = {
			isa = XCConfigurationList;
			buildConfigurations = (
				FEB235672C09FD4F001BE1AC /* Debug */,
				FEB235682C09FD4F001BE1AC /* Release */,
			);
			defaultConfigurationIsVisible = 0;
			defaultConfigurationName = Release;
		};
/* End XCConfigurationList section */

/* Begin XCVersionGroup section */
		FEB235752C0A0326001BE1AC /* RickAndMortyModel.xcdatamodeld */ = {
			isa = XCVersionGroup;
			children = (
				FEB235762C0A0326001BE1AC /* RickAndMortyModel.xcdatamodel */,
			);
			currentVersion = FEB235762C0A0326001BE1AC /* RickAndMortyModel.xcdatamodel */;
			path = RickAndMortyModel.xcdatamodeld;
			sourceTree = "<group>";
			versionGroupType = wrapper.xcdatamodel;
		};
/* End XCVersionGroup section */
	};
	rootObject = FEB235502C09FD4D001BE1AC /* Project object */;
}
